// !$*UTF8*$!
{
	archiveVersion = 1;
	classes = {
	};
	objectVersion = 56;
	objects = {

/* Begin PBXBuildFile section */
		014AF28B2B494163004E3A01 /* ChatsViewController.swift in Sources */ = {isa = PBXBuildFile; fileRef = 014AF28A2B494163004E3A01 /* ChatsViewController.swift */; };
		014AF28E2B4941A9004E3A01 /* SnapKit in Frameworks */ = {isa = PBXBuildFile; productRef = 014AF28D2B4941A9004E3A01 /* SnapKit */; };
		014AF2902B4941A9004E3A01 /* SnapKit-Dynamic in Frameworks */ = {isa = PBXBuildFile; productRef = 014AF28F2B4941A9004E3A01 /* SnapKit-Dynamic */; };
		014D29DD2B53DA15007A2318 /* ChatItemCell.swift in Sources */ = {isa = PBXBuildFile; fileRef = 014D29DC2B53DA15007A2318 /* ChatItemCell.swift */; };
		015BF7132B470C46004B59A7 /* AppDelegate.swift in Sources */ = {isa = PBXBuildFile; fileRef = 015BF7122B470C46004B59A7 /* AppDelegate.swift */; };
		015BF7152B470C46004B59A7 /* SceneDelegate.swift in Sources */ = {isa = PBXBuildFile; fileRef = 015BF7142B470C46004B59A7 /* SceneDelegate.swift */; };
		015BF71C2B470C47004B59A7 /* Assets.xcassets in Resources */ = {isa = PBXBuildFile; fileRef = 015BF71B2B470C47004B59A7 /* Assets.xcassets */; };
		015BF71F2B470C47004B59A7 /* LaunchScreen.storyboard in Resources */ = {isa = PBXBuildFile; fileRef = 015BF71D2B470C47004B59A7 /* LaunchScreen.storyboard */; };
		0167C5A52B49991E00A68DEA /* MainTabBarController.swift in Sources */ = {isa = PBXBuildFile; fileRef = 0167C5A42B49991E00A68DEA /* MainTabBarController.swift */; };
		0167C5AA2B499E3A00A68DEA /* SetupViewController.swift in Sources */ = {isa = PBXBuildFile; fileRef = 0167C5A92B499E3900A68DEA /* SetupViewController.swift */; };
		0167C5AC2B499E4A00A68DEA /* CallsViewController.swift in Sources */ = {isa = PBXBuildFile; fileRef = 0167C5AB2B499E4A00A68DEA /* CallsViewController.swift */; };
		0167C5AE2B499E6400A68DEA /* ContactsViewController.swift in Sources */ = {isa = PBXBuildFile; fileRef = 0167C5AD2B499E6400A68DEA /* ContactsViewController.swift */; };
		017B26552B55907200F53404 /* ChatsCellInfo.swift in Sources */ = {isa = PBXBuildFile; fileRef = 017B26542B55907200F53404 /* ChatsCellInfo.swift */; };
/* End PBXBuildFile section */

/* Begin PBXFileReference section */
		014AF28A2B494163004E3A01 /* ChatsViewController.swift */ = {isa = PBXFileReference; lastKnownFileType = sourcecode.swift; path = ChatsViewController.swift; sourceTree = "<group>"; };
		014D29DC2B53DA15007A2318 /* ChatItemCell.swift */ = {isa = PBXFileReference; lastKnownFileType = sourcecode.swift; path = ChatItemCell.swift; sourceTree = "<group>"; };
		015BF70F2B470C46004B59A7 /* Telegram.app */ = {isa = PBXFileReference; explicitFileType = wrapper.application; includeInIndex = 0; path = Telegram.app; sourceTree = BUILT_PRODUCTS_DIR; };
		015BF7122B470C46004B59A7 /* AppDelegate.swift */ = {isa = PBXFileReference; lastKnownFileType = sourcecode.swift; path = AppDelegate.swift; sourceTree = "<group>"; };
		015BF7142B470C46004B59A7 /* SceneDelegate.swift */ = {isa = PBXFileReference; lastKnownFileType = sourcecode.swift; path = SceneDelegate.swift; sourceTree = "<group>"; };
		015BF71B2B470C47004B59A7 /* Assets.xcassets */ = {isa = PBXFileReference; lastKnownFileType = folder.assetcatalog; path = Assets.xcassets; sourceTree = "<group>"; };
		015BF71E2B470C47004B59A7 /* Base */ = {isa = PBXFileReference; lastKnownFileType = file.storyboard; name = Base; path = Base.lproj/LaunchScreen.storyboard; sourceTree = "<group>"; };
		015BF7202B470C47004B59A7 /* Info.plist */ = {isa = PBXFileReference; lastKnownFileType = text.plist.xml; path = Info.plist; sourceTree = "<group>"; };
		0167C5A42B49991E00A68DEA /* MainTabBarController.swift */ = {isa = PBXFileReference; lastKnownFileType = sourcecode.swift; path = MainTabBarController.swift; sourceTree = "<group>"; };
		0167C5A92B499E3900A68DEA /* SetupViewController.swift */ = {isa = PBXFileReference; lastKnownFileType = sourcecode.swift; path = SetupViewController.swift; sourceTree = "<group>"; };
		0167C5AB2B499E4A00A68DEA /* CallsViewController.swift */ = {isa = PBXFileReference; lastKnownFileType = sourcecode.swift; path = CallsViewController.swift; sourceTree = "<group>"; };
		0167C5AD2B499E6400A68DEA /* ContactsViewController.swift */ = {isa = PBXFileReference; lastKnownFileType = sourcecode.swift; path = ContactsViewController.swift; sourceTree = "<group>"; };
		017B26542B55907200F53404 /* ChatsCellInfo.swift */ = {isa = PBXFileReference; lastKnownFileType = sourcecode.swift; path = ChatsCellInfo.swift; sourceTree = "<group>"; };
/* End PBXFileReference section */

/* Begin PBXFrameworksBuildPhase section */
		015BF70C2B470C46004B59A7 /* Frameworks */ = {
			isa = PBXFrameworksBuildPhase;
			buildActionMask = 2147483647;
			files = (
				014AF28E2B4941A9004E3A01 /* SnapKit in Frameworks */,
				014AF2902B4941A9004E3A01 /* SnapKit-Dynamic in Frameworks */,
			);
			runOnlyForDeploymentPostprocessing = 0;
		};
/* End PBXFrameworksBuildPhase section */

/* Begin PBXGroup section */
		014AF2872B493FCB004E3A01 /* Application */ = {
			isa = PBXGroup;
			children = (
				015BF7122B470C46004B59A7 /* AppDelegate.swift */,
				015BF7142B470C46004B59A7 /* SceneDelegate.swift */,
			);
			path = Application;
			sourceTree = "<group>";
		};
		014AF2882B493FDD004E3A01 /* Resources */ = {
			isa = PBXGroup;
			children = (
				015BF71B2B470C47004B59A7 /* Assets.xcassets */,
				015BF71D2B470C47004B59A7 /* LaunchScreen.storyboard */,
				015BF7202B470C47004B59A7 /* Info.plist */,
			);
			path = Resources;
			sourceTree = "<group>";
		};
		014AF2892B49411B004E3A01 /* TelegramChatsViewController */ = {
			isa = PBXGroup;
			children = (
				014AF28A2B494163004E3A01 /* ChatsViewController.swift */,
				017B26542B55907200F53404 /* ChatsCellInfo.swift */,
				014D29DC2B53DA15007A2318 /* ChatItemCell.swift */,
			);
			path = TelegramChatsViewController;
			sourceTree = "<group>";
		};
		015BF7062B470C46004B59A7 = {
			isa = PBXGroup;
			children = (
				015BF7112B470C46004B59A7 /* Telegram */,
				015BF7102B470C46004B59A7 /* Products */,
			);
			sourceTree = "<group>";
		};
		015BF7102B470C46004B59A7 /* Products */ = {
			isa = PBXGroup;
			children = (
				015BF70F2B470C46004B59A7 /* Telegram.app */,
			);
			name = Products;
			sourceTree = "<group>";
		};
		015BF7112B470C46004B59A7 /* Telegram */ = {
			isa = PBXGroup;
			children = (
				014AF2872B493FCB004E3A01 /* Application */,
				014AF2882B493FDD004E3A01 /* Resources */,
				0167C5A32B49990400A68DEA /* MainTabBarController */,
				0167C5A82B499C8600A68DEA /* ContactsViewController */,
				0167C5A72B499C7900A68DEA /* CallsViewController */,
				014AF2892B49411B004E3A01 /* TelegramChatsViewController */,
				0167C5A62B499B8100A68DEA /* SetupViewController */,
			);
			path = Telegram;
			sourceTree = "<group>";
		};
		0167C5A32B49990400A68DEA /* MainTabBarController */ = {
			isa = PBXGroup;
			children = (
				0167C5A42B49991E00A68DEA /* MainTabBarController.swift */,
			);
			path = MainTabBarController;
			sourceTree = "<group>";
		};
		0167C5A62B499B8100A68DEA /* SetupViewController */ = {
			isa = PBXGroup;
			children = (
				0167C5A92B499E3900A68DEA /* SetupViewController.swift */,
			);
			path = SetupViewController;
			sourceTree = "<group>";
		};
		0167C5A72B499C7900A68DEA /* CallsViewController */ = {
			isa = PBXGroup;
			children = (
				0167C5AB2B499E4A00A68DEA /* CallsViewController.swift */,
			);
			path = CallsViewController;
			sourceTree = "<group>";
		};
		0167C5A82B499C8600A68DEA /* ContactsViewController */ = {
			isa = PBXGroup;
			children = (
				0167C5AD2B499E6400A68DEA /* ContactsViewController.swift */,
			);
			path = ContactsViewController;
			sourceTree = "<group>";
		};
/* End PBXGroup section */

/* Begin PBXNativeTarget section */
		015BF70E2B470C46004B59A7 /* Telegram */ = {
			isa = PBXNativeTarget;
			buildConfigurationList = 015BF7232B470C47004B59A7 /* Build configuration list for PBXNativeTarget "Telegram" */;
			buildPhases = (
				015BF70B2B470C46004B59A7 /* Sources */,
				015BF70C2B470C46004B59A7 /* Frameworks */,
				015BF70D2B470C46004B59A7 /* Resources */,
			);
			buildRules = (
			);
			dependencies = (
			);
			name = Telegram;
			packageProductDependencies = (
				014AF28D2B4941A9004E3A01 /* SnapKit */,
				014AF28F2B4941A9004E3A01 /* SnapKit-Dynamic */,
			);
			productName = Telegram;
			productReference = 015BF70F2B470C46004B59A7 /* Telegram.app */;
			productType = "com.apple.product-type.application";
		};
/* End PBXNativeTarget section */

/* Begin PBXProject section */
		015BF7072B470C46004B59A7 /* Project object */ = {
			isa = PBXProject;
			attributes = {
				BuildIndependentTargetsInParallel = 1;
				LastSwiftUpdateCheck = 1510;
				LastUpgradeCheck = 1510;
				TargetAttributes = {
					015BF70E2B470C46004B59A7 = {
						CreatedOnToolsVersion = 15.1;
					};
				};
			};
			buildConfigurationList = 015BF70A2B470C46004B59A7 /* Build configuration list for PBXProject "Telegram" */;
			compatibilityVersion = "Xcode 14.0";
			developmentRegion = en;
			hasScannedForEncodings = 0;
			knownRegions = (
				en,
				Base,
			);
			mainGroup = 015BF7062B470C46004B59A7;
			packageReferences = (
				014AF28C2B4941A9004E3A01 /* XCRemoteSwiftPackageReference "SnapKit" */,
			);
			productRefGroup = 015BF7102B470C46004B59A7 /* Products */;
			projectDirPath = "";
			projectRoot = "";
			targets = (
				015BF70E2B470C46004B59A7 /* Telegram */,
			);
		};
/* End PBXProject section */

/* Begin PBXResourcesBuildPhase section */
		015BF70D2B470C46004B59A7 /* Resources */ = {
			isa = PBXResourcesBuildPhase;
			buildActionMask = 2147483647;
			files = (
				015BF71F2B470C47004B59A7 /* LaunchScreen.storyboard in Resources */,
				015BF71C2B470C47004B59A7 /* Assets.xcassets in Resources */,
			);
			runOnlyForDeploymentPostprocessing = 0;
		};
/* End PBXResourcesBuildPhase section */

/* Begin PBXSourcesBuildPhase section */
		015BF70B2B470C46004B59A7 /* Sources */ = {
			isa = PBXSourcesBuildPhase;
			buildActionMask = 2147483647;
			files = (
				015BF7132B470C46004B59A7 /* AppDelegate.swift in Sources */,
				0167C5AE2B499E6400A68DEA /* ContactsViewController.swift in Sources */,
				014AF28B2B494163004E3A01 /* ChatsViewController.swift in Sources */,
				017B26552B55907200F53404 /* ChatsCellInfo.swift in Sources */,
				0167C5A52B49991E00A68DEA /* MainTabBarController.swift in Sources */,
				014D29DD2B53DA15007A2318 /* ChatItemCell.swift in Sources */,
				015BF7152B470C46004B59A7 /* SceneDelegate.swift in Sources */,
				0167C5AC2B499E4A00A68DEA /* CallsViewController.swift in Sources */,
				0167C5AA2B499E3A00A68DEA /* SetupViewController.swift in Sources */,
			);
			runOnlyForDeploymentPostprocessing = 0;
		};
/* End PBXSourcesBuildPhase section */

/* Begin PBXVariantGroup section */
		015BF71D2B470C47004B59A7 /* LaunchScreen.storyboard */ = {
			isa = PBXVariantGroup;
			children = (
				015BF71E2B470C47004B59A7 /* Base */,
			);
			name = LaunchScreen.storyboard;
			sourceTree = "<group>";
		};
/* End PBXVariantGroup section */

/* Begin XCBuildConfiguration section */
		015BF7212B470C47004B59A7 /* Debug */ = {
			isa = XCBuildConfiguration;
			buildSettings = {
				ALWAYS_SEARCH_USER_PATHS = NO;
				ASSETCATALOG_COMPILER_GENERATE_SWIFT_ASSET_SYMBOL_EXTENSIONS = YES;
				CLANG_ANALYZER_NONNULL = YES;
				CLANG_ANALYZER_NUMBER_OBJECT_CONVERSION = YES_AGGRESSIVE;
				CLANG_CXX_LANGUAGE_STANDARD = "gnu++20";
				CLANG_ENABLE_MODULES = YES;
				CLANG_ENABLE_OBJC_ARC = YES;
				CLANG_ENABLE_OBJC_WEAK = YES;
				CLANG_WARN_BLOCK_CAPTURE_AUTORELEASING = YES;
				CLANG_WARN_BOOL_CONVERSION = YES;
				CLANG_WARN_COMMA = YES;
				CLANG_WARN_CONSTANT_CONVERSION = YES;
				CLANG_WARN_DEPRECATED_OBJC_IMPLEMENTATIONS = YES;
				CLANG_WARN_DIRECT_OBJC_ISA_USAGE = YES_ERROR;
				CLANG_WARN_DOCUMENTATION_COMMENTS = YES;
				CLANG_WARN_EMPTY_BODY = YES;
				CLANG_WARN_ENUM_CONVERSION = YES;
				CLANG_WARN_INFINITE_RECURSION = YES;
				CLANG_WARN_INT_CONVERSION = YES;
				CLANG_WARN_NON_LITERAL_NULL_CONVERSION = YES;
				CLANG_WARN_OBJC_IMPLICIT_RETAIN_SELF = YES;
				CLANG_WARN_OBJC_LITERAL_CONVERSION = YES;
				CLANG_WARN_OBJC_ROOT_CLASS = YES_ERROR;
				CLANG_WARN_QUOTED_INCLUDE_IN_FRAMEWORK_HEADER = YES;
				CLANG_WARN_RANGE_LOOP_ANALYSIS = YES;
				CLANG_WARN_STRICT_PROTOTYPES = YES;
				CLANG_WARN_SUSPICIOUS_MOVE = YES;
				CLANG_WARN_UNGUARDED_AVAILABILITY = YES_AGGRESSIVE;
				CLANG_WARN_UNREACHABLE_CODE = YES;
				CLANG_WARN__DUPLICATE_METHOD_MATCH = YES;
				COPY_PHASE_STRIP = NO;
				DEBUG_INFORMATION_FORMAT = dwarf;
				ENABLE_STRICT_OBJC_MSGSEND = YES;
				ENABLE_TESTABILITY = YES;
				ENABLE_USER_SCRIPT_SANDBOXING = YES;
				GCC_C_LANGUAGE_STANDARD = gnu17;
				GCC_DYNAMIC_NO_PIC = NO;
				GCC_NO_COMMON_BLOCKS = YES;
				GCC_OPTIMIZATION_LEVEL = 0;
				GCC_PREPROCESSOR_DEFINITIONS = (
					"DEBUG=1",
					"$(inherited)",
				);
				GCC_WARN_64_TO_32_BIT_CONVERSION = YES;
				GCC_WARN_ABOUT_RETURN_TYPE = YES_ERROR;
				GCC_WARN_UNDECLARED_SELECTOR = YES;
				GCC_WARN_UNINITIALIZED_AUTOS = YES_AGGRESSIVE;
				GCC_WARN_UNUSED_FUNCTION = YES;
				GCC_WARN_UNUSED_VARIABLE = YES;
				IPHONEOS_DEPLOYMENT_TARGET = 17.2;
				LOCALIZATION_PREFERS_STRING_CATALOGS = YES;
				MTL_ENABLE_DEBUG_INFO = INCLUDE_SOURCE;
				MTL_FAST_MATH = YES;
				ONLY_ACTIVE_ARCH = YES;
				SDKROOT = iphoneos;
				SWIFT_ACTIVE_COMPILATION_CONDITIONS = "DEBUG $(inherited)";
				SWIFT_OPTIMIZATION_LEVEL = "-Onone";
			};
			name = Debug;
		};
		015BF7222B470C47004B59A7 /* Release */ = {
			isa = XCBuildConfiguration;
			buildSettings = {
				ALWAYS_SEARCH_USER_PATHS = NO;
				ASSETCATALOG_COMPILER_GENERATE_SWIFT_ASSET_SYMBOL_EXTENSIONS = YES;
				CLANG_ANALYZER_NONNULL = YES;
				CLANG_ANALYZER_NUMBER_OBJECT_CONVERSION = YES_AGGRESSIVE;
				CLANG_CXX_LANGUAGE_STANDARD = "gnu++20";
				CLANG_ENABLE_MODULES = YES;
				CLANG_ENABLE_OBJC_ARC = YES;
				CLANG_ENABLE_OBJC_WEAK = YES;
				CLANG_WARN_BLOCK_CAPTURE_AUTORELEASING = YES;
				CLANG_WARN_BOOL_CONVERSION = YES;
				CLANG_WARN_COMMA = YES;
				CLANG_WARN_CONSTANT_CONVERSION = YES;
				CLANG_WARN_DEPRECATED_OBJC_IMPLEMENTATIONS = YES;
				CLANG_WARN_DIRECT_OBJC_ISA_USAGE = YES_ERROR;
				CLANG_WARN_DOCUMENTATION_COMMENTS = YES;
				CLANG_WARN_EMPTY_BODY = YES;
				CLANG_WARN_ENUM_CONVERSION = YES;
				CLANG_WARN_INFINITE_RECURSION = YES;
				CLANG_WARN_INT_CONVERSION = YES;
				CLANG_WARN_NON_LITERAL_NULL_CONVERSION = YES;
				CLANG_WARN_OBJC_IMPLICIT_RETAIN_SELF = YES;
				CLANG_WARN_OBJC_LITERAL_CONVERSION = YES;
				CLANG_WARN_OBJC_ROOT_CLASS = YES_ERROR;
				CLANG_WARN_QUOTED_INCLUDE_IN_FRAMEWORK_HEADER = YES;
				CLANG_WARN_RANGE_LOOP_ANALYSIS = YES;
				CLANG_WARN_STRICT_PROTOTYPES = YES;
				CLANG_WARN_SUSPICIOUS_MOVE = YES;
				CLANG_WARN_UNGUARDED_AVAILABILITY = YES_AGGRESSIVE;
				CLANG_WARN_UNREACHABLE_CODE = YES;
				CLANG_WARN__DUPLICATE_METHOD_MATCH = YES;
				COPY_PHASE_STRIP = NO;
				DEBUG_INFORMATION_FORMAT = "dwarf-with-dsym";
				ENABLE_NS_ASSERTIONS = NO;
				ENABLE_STRICT_OBJC_MSGSEND = YES;
				ENABLE_USER_SCRIPT_SANDBOXING = YES;
				GCC_C_LANGUAGE_STANDARD = gnu17;
				GCC_NO_COMMON_BLOCKS = YES;
				GCC_WARN_64_TO_32_BIT_CONVERSION = YES;
				GCC_WARN_ABOUT_RETURN_TYPE = YES_ERROR;
				GCC_WARN_UNDECLARED_SELECTOR = YES;
				GCC_WARN_UNINITIALIZED_AUTOS = YES_AGGRESSIVE;
				GCC_WARN_UNUSED_FUNCTION = YES;
				GCC_WARN_UNUSED_VARIABLE = YES;
				IPHONEOS_DEPLOYMENT_TARGET = 17.2;
				LOCALIZATION_PREFERS_STRING_CATALOGS = YES;
				MTL_ENABLE_DEBUG_INFO = NO;
				MTL_FAST_MATH = YES;
				SDKROOT = iphoneos;
				SWIFT_COMPILATION_MODE = wholemodule;
				VALIDATE_PRODUCT = YES;
			};
			name = Release;
		};
		015BF7242B470C47004B59A7 /* Debug */ = {
			isa = XCBuildConfiguration;
			buildSettings = {
				ASSETCATALOG_COMPILER_APPICON_NAME = AppIcon;
				ASSETCATALOG_COMPILER_GLOBAL_ACCENT_COLOR_NAME = AccentColor;
				CODE_SIGN_STYLE = Automatic;
				CURRENT_PROJECT_VERSION = 1;
				GENERATE_INFOPLIST_FILE = YES;
				INFOPLIST_FILE = Telegram/Resources/Info.plist;
				INFOPLIST_KEY_UIApplicationSupportsIndirectInputEvents = YES;
				INFOPLIST_KEY_UILaunchStoryboardName = LaunchScreen;
				INFOPLIST_KEY_UIMainStoryboardFile = "";
				INFOPLIST_KEY_UISupportedInterfaceOrientations_iPad = "UIInterfaceOrientationPortrait UIInterfaceOrientationPortraitUpsideDown UIInterfaceOrientationLandscapeLeft UIInterfaceOrientationLandscapeRight";
				INFOPLIST_KEY_UISupportedInterfaceOrientations_iPhone = "UIInterfaceOrientationPortrait UIInterfaceOrientationLandscapeLeft UIInterfaceOrientationLandscapeRight";
				LD_RUNPATH_SEARCH_PATHS = (
					"$(inherited)",
					"@executable_path/Frameworks",
				);
				MARKETING_VERSION = 1.0;
				PRODUCT_BUNDLE_IDENTIFIER = tms.by.Telegram;
				PRODUCT_NAME = "$(TARGET_NAME)";
				SWIFT_EMIT_LOC_STRINGS = YES;
				SWIFT_VERSION = 5.0;
				TARGETED_DEVICE_FAMILY = "1,2";
			};
			name = Debug;
		};
		015BF7252B470C47004B59A7 /* Release */ = {
			isa = XCBuildConfiguration;
			buildSettings = {
				ASSETCATALOG_COMPILER_APPICON_NAME = AppIcon;
				ASSETCATALOG_COMPILER_GLOBAL_ACCENT_COLOR_NAME = AccentColor;
				CODE_SIGN_STYLE = Automatic;
				CURRENT_PROJECT_VERSION = 1;
				GENERATE_INFOPLIST_FILE = YES;
				INFOPLIST_FILE = Telegram/Resources/Info.plist;
				INFOPLIST_KEY_UIApplicationSupportsIndirectInputEvents = YES;
				INFOPLIST_KEY_UILaunchStoryboardName = LaunchScreen;
				INFOPLIST_KEY_UIMainStoryboardFile = "";
				INFOPLIST_KEY_UISupportedInterfaceOrientations_iPad = "UIInterfaceOrientationPortrait UIInterfaceOrientationPortraitUpsideDown UIInterfaceOrientationLandscapeLeft UIInterfaceOrientationLandscapeRight";
				INFOPLIST_KEY_UISupportedInterfaceOrientations_iPhone = "UIInterfaceOrientationPortrait UIInterfaceOrientationLandscapeLeft UIInterfaceOrientationLandscapeRight";
				LD_RUNPATH_SEARCH_PATHS = (
					"$(inherited)",
					"@executable_path/Frameworks",
				);
				MARKETING_VERSION = 1.0;
				PRODUCT_BUNDLE_IDENTIFIER = tms.by.Telegram;
				PRODUCT_NAME = "$(TARGET_NAME)";
				SWIFT_EMIT_LOC_STRINGS = YES;
				SWIFT_VERSION = 5.0;
				TARGETED_DEVICE_FAMILY = "1,2";
			};
			name = Release;
		};
/* End XCBuildConfiguration section */

/* Begin XCConfigurationList section */
		015BF70A2B470C46004B59A7 /* Build configuration list for PBXProject "Telegram" */ = {
			isa = XCConfigurationList;
			buildConfigurations = (
				015BF7212B470C47004B59A7 /* Debug */,
				015BF7222B470C47004B59A7 /* Release */,
			);
			defaultConfigurationIsVisible = 0;
			defaultConfigurationName = Release;
		};
		015BF7232B470C47004B59A7 /* Build configuration list for PBXNativeTarget "Telegram" */ = {
			isa = XCConfigurationList;
			buildConfigurations = (
				015BF7242B470C47004B59A7 /* Debug */,
				015BF7252B470C47004B59A7 /* Release */,
			);
			defaultConfigurationIsVisible = 0;
			defaultConfigurationName = Release;
		};
/* End XCConfigurationList section */

/* Begin XCRemoteSwiftPackageReference section */
		014AF28C2B4941A9004E3A01 /* XCRemoteSwiftPackageReference "SnapKit" */ = {
			isa = XCRemoteSwiftPackageReference;
			repositoryURL = "https://github.com/SnapKit/SnapKit.git";
			requirement = {
				kind = upToNextMajorVersion;
				minimumVersion = 5.7.0;
			};
		};
/* End XCRemoteSwiftPackageReference section */

/* Begin XCSwiftPackageProductDependency section */
		014AF28D2B4941A9004E3A01 /* SnapKit */ = {
			isa = XCSwiftPackageProductDependency;
			package = 014AF28C2B4941A9004E3A01 /* XCRemoteSwiftPackageReference "SnapKit" */;
			productName = SnapKit;
		};
		014AF28F2B4941A9004E3A01 /* SnapKit-Dynamic */ = {
			isa = XCSwiftPackageProductDependency;
			package = 014AF28C2B4941A9004E3A01 /* XCRemoteSwiftPackageReference "SnapKit" */;
			productName = "SnapKit-Dynamic";
		};
/* End XCSwiftPackageProductDependency section */
	};
	rootObject = 015BF7072B470C46004B59A7 /* Project object */;
}
